
Microsoft Visual Studio Solution File, Format Version 12.00
# Visual Studio Version 17
VisualStudioVersion = 17.1.32328.378
MinimumVisualStudioVersion = 10.0.40219.1
Project("{FAE04EC0-301F-11D3-BF4B-00C04F79EFBC}") = "CARFUELPRICEPROJECT", "CARFUELPRICEPROJECT\CARFUELPRICEPROJECT.csproj", "{45A665AF-C619-421C-8146-D8798106217E}"
EndProject
Global
	GlobalSection(SolutionConfigurationPlatforms) = preSolution
		Debug|Any CPU = Debug|Any CPU
		Release|Any CPU = Release|Any CPU
	EndGlobalSection
	GlobalSection(ProjectConfigurationPlatforms) = postSolution
		{45A665AF-C619-421C-8146-D8798106217E}.Debug|Any CPU.ActiveCfg = Debug|Any CPU
		{45A665AF-C619-421C-8146-D8798106217E}.Debug|Any CPU.Build.0 = Debug|Any CPU
		{45A665AF-C619-421C-8146-D8798106217E}.Release|Any CPU.ActiveCfg = Release|Any CPU
		{45A665AF-C619-421C-8146-D8798106217E}.Release|Any CPU.Build.0 = Release|Any CPU
	EndGlobalSection
	GlobalSection(SolutionProperties) = preSolution
		HideSolutionNode = FALSE
	EndGlobalSection
	GlobalSection(ExtensibilityGlobals) = postSolution
		SolutionGuid = {5E46EA57-A767-4339-80A5-AFE5617FE152}
	EndGlobalSection
EndGlobal
